
Microsoft Visual Studio Solution File, Format Version 12.00
# Visual Studio Version 17
VisualStudioVersion = 17.6.33815.320
MinimumVisualStudioVersion = 10.0.40219.1
Project("{FAE04EC0-301F-11D3-BF4B-00C04F79EFBC}") = "Email-Password Manager", "Email-Password Manager\Email-Password Manager.csproj", "{F6CEBDEF-CBF7-4CEE-ACA5-90084378CFD0}"
EndProject
Project("{54435603-DBB4-11D2-8724-00A0C9A8B90C}") = "Setup1", "Setup1\Setup1.vdproj", "{4BCD2E7D-0956-4E92-A95D-4B06432BF3CD}"
EndProject
Global
	GlobalSection(SolutionConfigurationPlatforms) = preSolution
		Debug|Any CPU = Debug|Any CPU
		Release|Any CPU = Release|Any CPU
	EndGlobalSection
	GlobalSection(ProjectConfigurationPlatforms) = postSolution
		{F6CEBDEF-CBF7-4CEE-ACA5-90084378CFD0}.Debug|Any CPU.ActiveCfg = Debug|Any CPU
		{F6CEBDEF-CBF7-4CEE-ACA5-90084378CFD0}.Debug|Any CPU.Build.0 = Debug|Any CPU
		{F6CEBDEF-CBF7-4CEE-ACA5-90084378CFD0}.Release|Any CPU.ActiveCfg = Release|Any CPU
		{F6CEBDEF-CBF7-4CEE-ACA5-90084378CFD0}.Release|Any CPU.Build.0 = Release|Any CPU
		{4BCD2E7D-0956-4E92-A95D-4B06432BF3CD}.Debug|Any CPU.ActiveCfg = Debug
		{4BCD2E7D-0956-4E92-A95D-4B06432BF3CD}.Release|Any CPU.ActiveCfg = Release
	EndGlobalSection
	GlobalSection(SolutionProperties) = preSolution
		HideSolutionNode = FALSE
	EndGlobalSection
	GlobalSection(ExtensibilityGlobals) = postSolution
		SolutionGuid = {E92BB648-EE0D-43FB-BB31-F13DDF2F25BC}
	EndGlobalSection
EndGlobal
